
Microsoft Visual Studio Solution File, Format Version 12.00
# Visual Studio Version 17
VisualStudioVersion = 17.11.35327.3
MinimumVisualStudioVersion = 10.0.40219.1
Project("{FAE04EC0-301F-11D3-BF4B-00C04F79EFBC}") = "TravelPlanner", "TravelPlanner.csproj", "{EDBA19B3-C900-4C34-9B88-59DF0242A170}"
EndProject
Project("{FAE04EC0-301F-11D3-BF4B-00C04F79EFBC}") = "TravelPlanner.ViewModel", "..\TravelPlanner.ViewModel\TravelPlanner.ViewModel.csproj", "{9C01AD28-975E-4ECB-8E23-7E4016647E9B}"
EndProject
Project("{FAE04EC0-301F-11D3-BF4B-00C04F79EFBC}") = "TravelPlanner.Model", "..\TravelPlanner.Model\TravelPlanner.Model.csproj", "{F8155C70-A1BF-4520-A423-708A68A0D39C}"
EndProject
Project("{FAE04EC0-301F-11D3-BF4B-00C04F79EFBC}") = "TravelPlanner.Persistor", "..\TravelPlanner.Persistor\TravelPlanner.Persistor.csproj", "{D5706179-6B1D-477A-9F88-01837A4961D2}"
EndProject
Global
	GlobalSection(SolutionConfigurationPlatforms) = preSolution
		Debug|Any CPU = Debug|Any CPU
		Release|Any CPU = Release|Any CPU
	EndGlobalSection
	GlobalSection(ProjectConfigurationPlatforms) = postSolution
		{EDBA19B3-C900-4C34-9B88-59DF0242A170}.Debug|Any CPU.ActiveCfg = Debug|Any CPU
		{EDBA19B3-C900-4C34-9B88-59DF0242A170}.Debug|Any CPU.Build.0 = Debug|Any CPU
		{EDBA19B3-C900-4C34-9B88-59DF0242A170}.Debug|Any CPU.Deploy.0 = Debug|Any CPU
		{EDBA19B3-C900-4C34-9B88-59DF0242A170}.Release|Any CPU.ActiveCfg = Release|Any CPU
		{EDBA19B3-C900-4C34-9B88-59DF0242A170}.Release|Any CPU.Build.0 = Release|Any CPU
		{EDBA19B3-C900-4C34-9B88-59DF0242A170}.Release|Any CPU.Deploy.0 = Release|Any CPU
		{9C01AD28-975E-4ECB-8E23-7E4016647E9B}.Debug|Any CPU.ActiveCfg = Debug|Any CPU
		{9C01AD28-975E-4ECB-8E23-7E4016647E9B}.Debug|Any CPU.Build.0 = Debug|Any CPU
		{9C01AD28-975E-4ECB-8E23-7E4016647E9B}.Release|Any CPU.ActiveCfg = Release|Any CPU
		{9C01AD28-975E-4ECB-8E23-7E4016647E9B}.Release|Any CPU.Build.0 = Release|Any CPU
		{F8155C70-A1BF-4520-A423-708A68A0D39C}.Debug|Any CPU.ActiveCfg = Debug|Any CPU
		{F8155C70-A1BF-4520-A423-708A68A0D39C}.Debug|Any CPU.Build.0 = Debug|Any CPU
		{F8155C70-A1BF-4520-A423-708A68A0D39C}.Release|Any CPU.ActiveCfg = Release|Any CPU
		{F8155C70-A1BF-4520-A423-708A68A0D39C}.Release|Any CPU.Build.0 = Release|Any CPU
		{D5706179-6B1D-477A-9F88-01837A4961D2}.Debug|Any CPU.ActiveCfg = Debug|Any CPU
		{D5706179-6B1D-477A-9F88-01837A4961D2}.Debug|Any CPU.Build.0 = Debug|Any CPU
		{D5706179-6B1D-477A-9F88-01837A4961D2}.Release|Any CPU.ActiveCfg = Release|Any CPU
		{D5706179-6B1D-477A-9F88-01837A4961D2}.Release|Any CPU.Build.0 = Release|Any CPU
	EndGlobalSection
	GlobalSection(SolutionProperties) = preSolution
		HideSolutionNode = FALSE
	EndGlobalSection
	GlobalSection(ExtensibilityGlobals) = postSolution
		SolutionGuid = {2912758A-4C21-4AEF-9343-0AFDBB92CC60}
	EndGlobalSection
EndGlobal
